
Microsoft Visual Studio Solution File, Format Version 12.00
# Visual Studio Version 17
VisualStudioVersion = 17.5.2.0
MinimumVisualStudioVersion = 10.0.40219.1
Project("{2150E333-8FDC-42A3-9474-1A3956D46DE8}") = "app", "app", "{F95F473B-E98A-ACD6-1986-755F447BE36F}"
EndProject
Project("{2150E333-8FDC-42A3-9474-1A3956D46DE8}") = "lib", "lib", "{3A8DF596-E814-FECC-DD4B-D8EF8AAC1A0D}"
EndProject
Project("{FAE04EC0-301F-11D3-BF4B-00C04F79EFBC}") = "cmd-mcp-host", "app\cmd-mcp-host\cmd-mcp-host.csproj", "{27ABB744-E763-9858-6C91-3CD4018C7ED8}"
EndProject
Project("{FAE04EC0-301F-11D3-BF4B-00C04F79EFBC}") = "Evanto.Mcp.Host", "lib\Evanto.Mcp.Host\Evanto.Mcp.Host.csproj", "{52D5F4BB-F385-1337-F71E-376D3BFA0F71}"
EndProject
Project("{FAE04EC0-301F-11D3-BF4B-00C04F79EFBC}") = "Evanto.Mcp.Common", "lib\Evanto.Mcp.Common\Evanto.Mcp.Common.csproj", "{6A7F517E-9311-1FC0-2BC7-62D58192D65E}"
EndProject
Project("{2150E333-8FDC-42A3-9474-1A3956D46DE8}") = ".doc", ".doc", "{A8DCE0F2-25EF-3C7F-CC19-27B02264BF67}"
	ProjectSection(SolutionItems) = preProject
		CLAUDE.md = CLAUDE.md
		CodingRules.md = CodingRules.md
		Directory.Packages.props = Directory.Packages.props
		Deploy.md = Deploy.md
		docker-compose.yaml = docker-compose.yaml
	EndProjectSection
EndProject
Project("{FAE04EC0-301F-11D3-BF4B-00C04F79EFBC}") = "Evanto.Mcp.Tools.SupportWizard", "lib\Evanto.Mcp.Tools.SupportWizard\Evanto.Mcp.Tools.SupportWizard.csproj", "{A2CC0F66-B503-4C5C-B30B-CAC66C99668A}"
EndProject
Project("{2150E333-8FDC-42A3-9474-1A3956D46DE8}") = "srv", "srv", "{9479024B-4DB4-4A31-7A43-5A015B7B3EFE}"
EndProject
Project("{FAE04EC0-301F-11D3-BF4B-00C04F79EFBC}") = "sse-mcp-server", "srv\sse-mcp-server\sse-mcp-server.csproj", "{6E29769E-19E1-4832-979B-73B09FAE8938}"
EndProject
Project("{FAE04EC0-301F-11D3-BF4B-00C04F79EFBC}") = "stdio-mcp-server", "srv\stdio-mcp-server\stdio-mcp-server.csproj", "{043FECEB-CA0B-4EE4-B1EB-119F2CB1D028}"
EndProject
Project("{FAE04EC0-301F-11D3-BF4B-00C04F79EFBC}") = "Evanto.Mcp.Apps", "lib\Evanto.Mcp.Apps\Evanto.Mcp.Apps.csproj", "{A1C9F01A-540E-4407-9F24-41280D00DC31}"
EndProject
Project("{FAE04EC0-301F-11D3-BF4B-00C04F79EFBC}") = "Evanto.Mcp.Tools.SupportDocs", "lib\Evanto.Mcp.Tools.SupportDocs\Evanto.Mcp.Tools.SupportDocs.csproj", "{20DD354E-67FD-46C8-B0BD-34B27130949E}"
EndProject
Project("{2150E333-8FDC-42A3-9474-1A3956D46DE8}") = "db", "db", "{240D54FD-C2A2-AACB-CAA5-CE0B0FF793FF}"
	ProjectSection(SolutionItems) = preProject
		db\ev-supportwizard.db = db\ev-supportwizard.db
	EndProjectSection
EndProject
Project("{FAE04EC0-301F-11D3-BF4B-00C04F79EFBC}") = "cmd-vectorize", "app\cmd-vectorize\cmd-vectorize.csproj", "{1D9367DC-DEA6-48B2-949F-A7E520D7BC73}"
EndProject
Project("{FAE04EC0-301F-11D3-BF4B-00C04F79EFBC}") = "Evanto.Mcp.Embeddings", "lib\Evanto.Mcp.Embeddings\Evanto.Mcp.Embeddings.csproj", "{EA264B72-E483-44DB-83DB-30E49C7D646D}"
EndProject
Project("{FAE04EC0-301F-11D3-BF4B-00C04F79EFBC}") = "Evanto.Mcp.QdrantDB", "lib\Evanto.Mcp.QdrantDB\Evanto.Mcp.QdrantDB.csproj", "{F8C1A2B3-4D5E-6F78-9ABC-DEF123456789}"
EndProject
Project("{FAE04EC0-301F-11D3-BF4B-00C04F79EFBC}") = "Evanto.Mcp.Pdfs", "lib\Evanto.Mcp.Pdfs\Evanto.Mcp.Pdfs.csproj", "{6EB7232D-9427-4A6D-BBF1-FA2FCBCCF8D8}"
EndProject
Global
	GlobalSection(SolutionConfigurationPlatforms) = preSolution
		Debug|Any CPU = Debug|Any CPU
		Release|Any CPU = Release|Any CPU
	EndGlobalSection
	GlobalSection(ProjectConfigurationPlatforms) = postSolution
		{27ABB744-E763-9858-6C91-3CD4018C7ED8}.Debug|Any CPU.ActiveCfg = Debug|Any CPU
		{27ABB744-E763-9858-6C91-3CD4018C7ED8}.Debug|Any CPU.Build.0 = Debug|Any CPU
		{27ABB744-E763-9858-6C91-3CD4018C7ED8}.Release|Any CPU.ActiveCfg = Release|Any CPU
		{27ABB744-E763-9858-6C91-3CD4018C7ED8}.Release|Any CPU.Build.0 = Release|Any CPU
		{52D5F4BB-F385-1337-F71E-376D3BFA0F71}.Debug|Any CPU.ActiveCfg = Debug|Any CPU
		{52D5F4BB-F385-1337-F71E-376D3BFA0F71}.Debug|Any CPU.Build.0 = Debug|Any CPU
		{52D5F4BB-F385-1337-F71E-376D3BFA0F71}.Release|Any CPU.ActiveCfg = Release|Any CPU
		{52D5F4BB-F385-1337-F71E-376D3BFA0F71}.Release|Any CPU.Build.0 = Release|Any CPU
		{6A7F517E-9311-1FC0-2BC7-62D58192D65E}.Debug|Any CPU.ActiveCfg = Debug|Any CPU
		{6A7F517E-9311-1FC0-2BC7-62D58192D65E}.Debug|Any CPU.Build.0 = Debug|Any CPU
		{6A7F517E-9311-1FC0-2BC7-62D58192D65E}.Release|Any CPU.ActiveCfg = Release|Any CPU
		{6A7F517E-9311-1FC0-2BC7-62D58192D65E}.Release|Any CPU.Build.0 = Release|Any CPU
		{A2CC0F66-B503-4C5C-B30B-CAC66C99668A}.Debug|Any CPU.ActiveCfg = Debug|Any CPU
		{A2CC0F66-B503-4C5C-B30B-CAC66C99668A}.Debug|Any CPU.Build.0 = Debug|Any CPU
		{A2CC0F66-B503-4C5C-B30B-CAC66C99668A}.Release|Any CPU.ActiveCfg = Release|Any CPU
		{A2CC0F66-B503-4C5C-B30B-CAC66C99668A}.Release|Any CPU.Build.0 = Release|Any CPU
		{6E29769E-19E1-4832-979B-73B09FAE8938}.Debug|Any CPU.ActiveCfg = Debug|Any CPU
		{6E29769E-19E1-4832-979B-73B09FAE8938}.Debug|Any CPU.Build.0 = Debug|Any CPU
		{6E29769E-19E1-4832-979B-73B09FAE8938}.Release|Any CPU.ActiveCfg = Release|Any CPU
		{6E29769E-19E1-4832-979B-73B09FAE8938}.Release|Any CPU.Build.0 = Release|Any CPU
		{043FECEB-CA0B-4EE4-B1EB-119F2CB1D028}.Debug|Any CPU.ActiveCfg = Debug|Any CPU
		{043FECEB-CA0B-4EE4-B1EB-119F2CB1D028}.Debug|Any CPU.Build.0 = Debug|Any CPU
		{043FECEB-CA0B-4EE4-B1EB-119F2CB1D028}.Release|Any CPU.ActiveCfg = Release|Any CPU
		{043FECEB-CA0B-4EE4-B1EB-119F2CB1D028}.Release|Any CPU.Build.0 = Release|Any CPU
		{A1C9F01A-540E-4407-9F24-41280D00DC31}.Debug|Any CPU.ActiveCfg = Debug|Any CPU
		{A1C9F01A-540E-4407-9F24-41280D00DC31}.Debug|Any CPU.Build.0 = Debug|Any CPU
		{A1C9F01A-540E-4407-9F24-41280D00DC31}.Release|Any CPU.ActiveCfg = Release|Any CPU
		{A1C9F01A-540E-4407-9F24-41280D00DC31}.Release|Any CPU.Build.0 = Release|Any CPU
		{20DD354E-67FD-46C8-B0BD-34B27130949E}.Debug|Any CPU.ActiveCfg = Debug|Any CPU
		{20DD354E-67FD-46C8-B0BD-34B27130949E}.Debug|Any CPU.Build.0 = Debug|Any CPU
		{20DD354E-67FD-46C8-B0BD-34B27130949E}.Release|Any CPU.ActiveCfg = Release|Any CPU
		{20DD354E-67FD-46C8-B0BD-34B27130949E}.Release|Any CPU.Build.0 = Release|Any CPU
		{1D9367DC-DEA6-48B2-949F-A7E520D7BC73}.Debug|Any CPU.ActiveCfg = Debug|Any CPU
		{1D9367DC-DEA6-48B2-949F-A7E520D7BC73}.Debug|Any CPU.Build.0 = Debug|Any CPU
		{1D9367DC-DEA6-48B2-949F-A7E520D7BC73}.Release|Any CPU.ActiveCfg = Release|Any CPU
		{1D9367DC-DEA6-48B2-949F-A7E520D7BC73}.Release|Any CPU.Build.0 = Release|Any CPU
		{EA264B72-E483-44DB-83DB-30E49C7D646D}.Debug|Any CPU.ActiveCfg = Debug|Any CPU
		{EA264B72-E483-44DB-83DB-30E49C7D646D}.Debug|Any CPU.Build.0 = Debug|Any CPU
		{EA264B72-E483-44DB-83DB-30E49C7D646D}.Release|Any CPU.ActiveCfg = Release|Any CPU
		{EA264B72-E483-44DB-83DB-30E49C7D646D}.Release|Any CPU.Build.0 = Release|Any CPU
		{F8C1A2B3-4D5E-6F78-9ABC-DEF123456789}.Debug|Any CPU.ActiveCfg = Debug|Any CPU
		{F8C1A2B3-4D5E-6F78-9ABC-DEF123456789}.Debug|Any CPU.Build.0 = Debug|Any CPU
		{F8C1A2B3-4D5E-6F78-9ABC-DEF123456789}.Release|Any CPU.ActiveCfg = Release|Any CPU
		{F8C1A2B3-4D5E-6F78-9ABC-DEF123456789}.Release|Any CPU.Build.0 = Release|Any CPU
		{6EB7232D-9427-4A6D-BBF1-FA2FCBCCF8D8}.Debug|Any CPU.ActiveCfg = Debug|Any CPU
		{6EB7232D-9427-4A6D-BBF1-FA2FCBCCF8D8}.Debug|Any CPU.Build.0 = Debug|Any CPU
		{6EB7232D-9427-4A6D-BBF1-FA2FCBCCF8D8}.Release|Any CPU.ActiveCfg = Release|Any CPU
		{6EB7232D-9427-4A6D-BBF1-FA2FCBCCF8D8}.Release|Any CPU.Build.0 = Release|Any CPU
	EndGlobalSection
	GlobalSection(SolutionProperties) = preSolution
		HideSolutionNode = FALSE
	EndGlobalSection
	GlobalSection(NestedProjects) = preSolution
		{27ABB744-E763-9858-6C91-3CD4018C7ED8} = {F95F473B-E98A-ACD6-1986-755F447BE36F}
		{52D5F4BB-F385-1337-F71E-376D3BFA0F71} = {3A8DF596-E814-FECC-DD4B-D8EF8AAC1A0D}
		{6A7F517E-9311-1FC0-2BC7-62D58192D65E} = {3A8DF596-E814-FECC-DD4B-D8EF8AAC1A0D}
		{A2CC0F66-B503-4C5C-B30B-CAC66C99668A} = {3A8DF596-E814-FECC-DD4B-D8EF8AAC1A0D}
		{6E29769E-19E1-4832-979B-73B09FAE8938} = {9479024B-4DB4-4A31-7A43-5A015B7B3EFE}
		{043FECEB-CA0B-4EE4-B1EB-119F2CB1D028} = {9479024B-4DB4-4A31-7A43-5A015B7B3EFE}
		{A1C9F01A-540E-4407-9F24-41280D00DC31} = {3A8DF596-E814-FECC-DD4B-D8EF8AAC1A0D}
		{20DD354E-67FD-46C8-B0BD-34B27130949E} = {3A8DF596-E814-FECC-DD4B-D8EF8AAC1A0D}
		{1D9367DC-DEA6-48B2-949F-A7E520D7BC73} = {F95F473B-E98A-ACD6-1986-755F447BE36F}
		{EA264B72-E483-44DB-83DB-30E49C7D646D} = {3A8DF596-E814-FECC-DD4B-D8EF8AAC1A0D}
		{F8C1A2B3-4D5E-6F78-9ABC-DEF123456789} = {3A8DF596-E814-FECC-DD4B-D8EF8AAC1A0D}
		{6EB7232D-9427-4A6D-BBF1-FA2FCBCCF8D8} = {3A8DF596-E814-FECC-DD4B-D8EF8AAC1A0D}
	EndGlobalSection
	GlobalSection(ExtensibilityGlobals) = postSolution
		SolutionGuid = {77925787-747F-4405-88C9-232E967B9207}
	EndGlobalSection
EndGlobal
